
Microsoft Visual Studio Solution File, Format Version 12.00
# Visual Studio Version 17
VisualStudioVersion = 17.14.36518.9 d17.14
MinimumVisualStudioVersion = 10.0.40219.1
Project("{FAE04EC0-301F-11D3-BF4B-00C04F79EFBC}") = "customer_mngr", "customer_mngr\customer_mngr.csproj", "{53B70D61-77F2-45EC-8ABC-2F1F0960FF8B}"
EndProject
Global
	GlobalSection(SolutionConfigurationPlatforms) = preSolution
		Debug|Any CPU = Debug|Any CPU
		Release|Any CPU = Release|Any CPU
	EndGlobalSection
	GlobalSection(ProjectConfigurationPlatforms) = postSolution
		{53B70D61-77F2-45EC-8ABC-2F1F0960FF8B}.Debug|Any CPU.ActiveCfg = Debug|Any CPU
		{53B70D61-77F2-45EC-8ABC-2F1F0960FF8B}.Debug|Any CPU.Build.0 = Debug|Any CPU
		{53B70D61-77F2-45EC-8ABC-2F1F0960FF8B}.Release|Any CPU.ActiveCfg = Release|Any CPU
		{53B70D61-77F2-45EC-8ABC-2F1F0960FF8B}.Release|Any CPU.Build.0 = Release|Any CPU
	EndGlobalSection
	GlobalSection(SolutionProperties) = preSolution
		HideSolutionNode = FALSE
	EndGlobalSection
	GlobalSection(ExtensibilityGlobals) = postSolution
		SolutionGuid = {766005F7-6D0D-4FDE-A4EB-FF8D5803E2E9}
	EndGlobalSection
EndGlobal
